// !$*UTF8*$!
{
	archiveVersion = 1;
	classes = {
	};
	objectVersion = 50;
	objects = {

/* Begin PBXBuildFile section */
		6489AFB4222DD5EC00EA870B /* AppDelegate.swift in Sources */ = {isa = PBXBuildFile; fileRef = 6489AFB3222DD5EC00EA870B /* AppDelegate.swift */; };
		6489AFB6222DD5EC00EA870B /* ViewController.swift in Sources */ = {isa = PBXBuildFile; fileRef = 6489AFB5222DD5EC00EA870B /* ViewController.swift */; };
		6489AFB9222DD5EC00EA870B /* Main.storyboard in Resources */ = {isa = PBXBuildFile; fileRef = 6489AFB7222DD5EC00EA870B /* Main.storyboard */; };
		6489AFBB222DD5EE00EA870B /* Assets.xcassets in Resources */ = {isa = PBXBuildFile; fileRef = 6489AFBA222DD5EE00EA870B /* Assets.xcassets */; };
		6489AFBE222DD5EE00EA870B /* LaunchScreen.storyboard in Resources */ = {isa = PBXBuildFile; fileRef = 6489AFBC222DD5EE00EA870B /* LaunchScreen.storyboard */; };
/* End PBXBuildFile section */

/* Begin PBXFileReference section */
		6489AFB0222DD5EC00EA870B /* RealmTest.app */ = {isa = PBXFileReference; explicitFileType = wrapper.application; includeInIndex = 0; path = RealmTest.app; sourceTree = BUILT_PRODUCTS_DIR; };
		6489AFB3222DD5EC00EA870B /* AppDelegate.swift */ = {isa = PBXFileReference; lastKnownFileType = sourcecode.swift; path = AppDelegate.swift; sourceTree = "<group>"; };
		6489AFB5222DD5EC00EA870B /* ViewController.swift */ = {isa = PBXFileReference; lastKnownFileType = sourcecode.swift; path = ViewController.swift; sourceTree = "<group>"; };
		6489AFB8222DD5EC00EA870B /* Base */ = {isa = PBXFileReference; lastKnownFileType = file.storyboard; name = Base; path = Base.lproj/Main.storyboard; sourceTree = "<group>"; };
		6489AFBA222DD5EE00EA870B /* Assets.xcassets */ = {isa = PBXFileReference; lastKnownFileType = folder.assetcatalog; path = Assets.xcassets; sourceTree = "<group>"; };
		6489AFBD222DD5EE00EA870B /* Base */ = {isa = PBXFileReference; lastKnownFileType = file.storyboard; name = Base; path = Base.lproj/LaunchScreen.storyboard; sourceTree = "<group>"; };
		6489AFBF222DD5EE00EA870B /* Info.plist */ = {isa = PBXFileReference; lastKnownFileType = text.plist.xml; path = Info.plist; sourceTree = "<group>"; };
/* End PBXFileReference section */

/* Begin PBXFrameworksBuildPhase section */
		6489AFAD222DD5EC00EA870B /* Frameworks */ = {
			isa = PBXFrameworksBuildPhase;
			buildActionMask = 2147483647;
			files = (
			);
			runOnlyForDeploymentPostprocessing = 0;
		};
/* End PBXFrameworksBuildPhase section */

/* Begin PBXGroup section */
		6489AFA7222DD5EC00EA870B = {
			isa = PBXGroup;
			children = (
				6489AFB2222DD5EC00EA870B /* RealmTest */,
				6489AFB1222DD5EC00EA870B /* Products */,
			);
			sourceTree = "<group>";
		};
		6489AFB1222DD5EC00EA870B /* Products */ = {
			isa = PBXGroup;
			children = (
				6489AFB0222DD5EC00EA870B /* RealmTest.app */,
			);
			name = Products;
			sourceTree = "<group>";
		};
		6489AFB2222DD5EC00EA870B /* RealmTest */ = {
			isa = PBXGroup;
			children = (
				6489AFB3222DD5EC00EA870B /* AppDelegate.swift */,
				6489AFB5222DD5EC00EA870B /* ViewController.swift */,
				6489AFB7222DD5EC00EA870B /* Main.storyboard */,
				6489AFBA222DD5EE00EA870B /* Assets.xcassets */,
				6489AFBC222DD5EE00EA870B /* LaunchScreen.storyboard */,
				6489AFBF222DD5EE00EA870B /* Info.plist */,
			);
			path = RealmTest;
			sourceTree = "<group>";
		};
/* End PBXGroup section */

/* Begin PBXNativeTarget section */
		6489AFAF222DD5EC00EA870B /* RealmTest */ = {
			isa = PBXNativeTarget;
			buildConfigurationList = 6489AFC2222DD5EE00EA870B /* Build configuration list for PBXNativeTarget "RealmTest" */;
			buildPhases = (
				6489AFAC222DD5EC00EA870B /* Sources */,
				6489AFAD222DD5EC00EA870B /* Frameworks */,
				6489AFAE222DD5EC00EA870B /* Resources */,
			);
			buildRules = (
			);
			dependencies = (
			);
			name = RealmTest;
			productName = RealmTest;
			productReference = 6489AFB0222DD5EC00EA870B /* RealmTest.app */;
			productType = "com.apple.product-type.application";
		};
/* End PBXNativeTarget section */

/* Begin PBXProject section */
		6489AFA8222DD5EC00EA870B /* Project object */ = {
			isa = PBXProject;
			attributes = {
				LastSwiftUpdateCheck = 1010;
				LastUpgradeCheck = 1010;
				ORGANIZATIONNAME = "Hwang, Andrew";
				TargetAttributes = {
					6489AFAF222DD5EC00EA870B = {
						CreatedOnToolsVersion = 10.1;
					};
				};
			};
			buildConfigurationList = 6489AFAB222DD5EC00EA870B /* Build configuration list for PBXProject "RealmTest" */;
			compatibilityVersion = "Xcode 9.3";
			developmentRegion = en;
			hasScannedForEncodings = 0;
			knownRegions = (
				en,
				Base,
			);
			mainGroup = 6489AFA7222DD5EC00EA870B;
			productRefGroup = 6489AFB1222DD5EC00EA870B /* Products */;
			projectDirPath = "";
			projectRoot = "";
			targets = (
				6489AFAF222DD5EC00EA870B /* RealmTest */,
			);
		};
/* End PBXProject section */

/* Begin PBXResourcesBuildPhase section */
		6489AFAE222DD5EC00EA870B /* Resources */ = {
			isa = PBXResourcesBuildPhase;
			buildActionMask = 2147483647;
			files = (
				6489AFBE222DD5EE00EA870B /* LaunchScreen.storyboard in Resources */,
				6489AFBB222DD5EE00EA870B /* Assets.xcassets in Resources */,
				6489AFB9222DD5EC00EA870B /* Main.storyboard in Resources */,
			);
			runOnlyForDeploymentPostprocessing = 0;
		};
/* End PBXResourcesBuildPhase section */

/* Begin PBXSourcesBuildPhase section */
		6489AFAC222DD5EC00EA870B /* Sources */ = {
			isa = PBXSourcesBuildPhase;
			buildActionMask = 2147483647;
			files = (
				6489AFB6222DD5EC00EA870B /* ViewController.swift in Sources */,
				6489AFB4222DD5EC00EA870B /* AppDelegate.swift in Sources */,
			);
			runOnlyForDeploymentPostprocessing = 0;
		};
/* End PBXSourcesBuildPhase section */

/* Begin PBXVariantGroup section */
		6489AFB7222DD5EC00EA870B /* Main.storyboard */ = {
			isa = PBXVariantGroup;
			children = (
				6489AFB8222DD5EC00EA870B /* Base */,
			);
			name = Main.storyboard;
			sourceTree = "<group>";
		};
		6489AFBC222DD5EE00EA870B /* LaunchScreen.storyboard */ = {
			isa = PBXVariantGroup;
			children = (
				6489AFBD222DD5EE00EA870B /* Base */,
			);
			name = LaunchScreen.storyboard;
			sourceTree = "<group>";
		};
/* End PBXVariantGroup section */

/* Begin XCBuildConfiguration section */
		6489AFC0222DD5EE00EA870B /* Debug */ = {
			isa = XCBuildConfiguration;
			buildSettings = {
				ALWAYS_SEARCH_USER_PATHS = NO;
				CLANG_ANALYZER_NONNULL = YES;
				CLANG_ANALYZER_NUMBER_OBJECT_CONVERSION = YES_AGGRESSIVE;
				CLANG_CXX_LANGUAGE_STANDARD = "gnu++14";
				CLANG_CXX_LIBRARY = "libc++";
				CLANG_ENABLE_MODULES = YES;
				CLANG_ENABLE_OBJC_ARC = YES;
				CLANG_ENABLE_OBJC_WEAK = YES;
				CLANG_WARN_BLOCK_CAPTURE_AUTORELEASING = YES;
				CLANG_WARN_BOOL_CONVERSION = YES;
				CLANG_WARN_COMMA = YES;
				CLANG_WARN_CONSTANT_CONVERSION = YES;
				CLANG_WARN_DEPRECATED_OBJC_IMPLEMENTATIONS = YES;
				CLANG_WARN_DIRECT_OBJC_ISA_USAGE = YES_ERROR;
				CLANG_WARN_DOCUMENTATION_COMMENTS = YES;
				CLANG_WARN_EMPTY_BODY = YES;
				CLANG_WARN_ENUM_CONVERSION = YES;
				CLANG_WARN_INFINITE_RECURSION = YES;
				CLANG_WARN_INT_CONVERSION = YES;
				CLANG_WARN_NON_LITERAL_NULL_CONVERSION = YES;
				CLANG_WARN_OBJC_IMPLICIT_RETAIN_SELF = YES;
				CLANG_WARN_OBJC_LITERAL_CONVERSION = YES;
				CLANG_WARN_OBJC_ROOT_CLASS = YES_ERROR;
				CLANG_WARN_RANGE_LOOP_ANALYSIS = YES;
				CLANG_WARN_STRICT_PROTOTYPES = YES;
				CLANG_WARN_SUSPICIOUS_MOVE = YES;
				CLANG_WARN_UNGUARDED_AVAILABILITY = YES_AGGRESSIVE;
				CLANG_WARN_UNREACHABLE_CODE = YES;
				CLANG_WARN__DUPLICATE_METHOD_MATCH = YES;
				CODE_SIGN_IDENTITY = "iPhone Developer";
				COPY_PHASE_STRIP = NO;
				DEBUG_INFORMATION_FORMAT = dwarf;
				ENABLE_STRICT_OBJC_MSGSEND = YES;
				ENABLE_TESTABILITY = YES;
				GCC_C_LANGUAGE_STANDARD = gnu11;
				GCC_DYNAMIC_NO_PIC = NO;
				GCC_NO_COMMON_BLOCKS = YES;
				GCC_OPTIMIZATION_LEVEL = 0;
				GCC_PREPROCESSOR_DEFINITIONS = (
					"DEBUG=1",
					"$(inherited)",
				);
				GCC_WARN_64_TO_32_BIT_CONVERSION = YES;
				GCC_WARN_ABOUT_RETURN_TYPE = YES_ERROR;
				GCC_WARN_UNDECLARED_SELECTOR = YES;
				GCC_WARN_UNINITIALIZED_AUTOS = YES_AGGRESSIVE;
				GCC_WARN_UNUSED_FUNCTION = YES;
				GCC_WARN_UNUSED_VARIABLE = YES;
				IPHONEOS_DEPLOYMENT_TARGET = 12.1;
				MTL_ENABLE_DEBUG_INFO = INCLUDE_SOURCE;
				MTL_FAST_MATH = YES;
				ONLY_ACTIVE_ARCH = YES;
				SDKROOT = iphoneos;
				SWIFT_ACTIVE_COMPILATION_CONDITIONS = DEBUG;
				SWIFT_OPTIMIZATION_LEVEL = "-Onone";
			};
			name = Debug;
		};
		6489AFC1222DD5EE00EA870B /* Release */ = {
			isa = XCBuildConfiguration;
			buildSettings = {
				ALWAYS_SEARCH_USER_PATHS = NO;
				CLANG_ANALYZER_NONNULL = YES;
				CLANG_ANALYZER_NUMBER_OBJECT_CONVERSION = YES_AGGRESSIVE;
				CLANG_CXX_LANGUAGE_STANDARD = "gnu++14";
				CLANG_CXX_LIBRARY = "libc++";
				CLANG_ENABLE_MODULES = YES;
				CLANG_ENABLE_OBJC_ARC = YES;
				CLANG_ENABLE_OBJC_WEAK = YES;
				CLANG_WARN_BLOCK_CAPTURE_AUTORELEASING = YES;
				CLANG_WARN_BOOL_CONVERSION = YES;
				CLANG_WARN_COMMA = YES;
				CLANG_WARN_CONSTANT_CONVERSION = YES;
				CLANG_WARN_DEPRECATED_OBJC_IMPLEMENTATIONS = YES;
				CLANG_WARN_DIRECT_OBJC_ISA_USAGE = YES_ERROR;
				CLANG_WARN_DOCUMENTATION_COMMENTS = YES;
				CLANG_WARN_EMPTY_BODY = YES;
				CLANG_WARN_ENUM_CONVERSION = YES;
				CLANG_WARN_INFINITE_RECURSION = YES;
				CLANG_WARN_INT_CONVERSION = YES;
				CLANG_WARN_NON_LITERAL_NULL_CONVERSION = YES;
				CLANG_WARN_OBJC_IMPLICIT_RETAIN_SELF = YES;
				CLANG_WARN_OBJC_LITERAL_CONVERSION = YES;
				CLANG_WARN_OBJC_ROOT_CLASS = YES_ERROR;
				CLANG_WARN_RANGE_LOOP_ANALYSIS = YES;
				CLANG_WARN_STRICT_PROTOTYPES = YES;
				CLANG_WARN_SUSPICIOUS_MOVE = YES;
				CLANG_WARN_UNGUARDED_AVAILABILITY = YES_AGGRESSIVE;
				CLANG_WARN_UNREACHABLE_CODE = YES;
				CLANG_WARN__DUPLICATE_METHOD_MATCH = YES;
				CODE_SIGN_IDENTITY = "iPhone Developer";
				COPY_PHASE_STRIP = NO;
				DEBUG_INFORMATION_FORMAT = "dwarf-with-dsym";
				ENABLE_NS_ASSERTIONS = NO;
				ENABLE_STRICT_OBJC_MSGSEND = YES;
				GCC_C_LANGUAGE_STANDARD = gnu11;
				GCC_NO_COMMON_BLOCKS = YES;
				GCC_WARN_64_TO_32_BIT_CONVERSION = YES;
				GCC_WARN_ABOUT_RETURN_TYPE = YES_ERROR;
				GCC_WARN_UNDECLARED_SELECTOR = YES;
				GCC_WARN_UNINITIALIZED_AUTOS = YES_AGGRESSIVE;
				GCC_WARN_UNUSED_FUNCTION = YES;
				GCC_WARN_UNUSED_VARIABLE = YES;
				IPHONEOS_DEPLOYMENT_TARGET = 12.1;
				MTL_ENABLE_DEBUG_INFO = NO;
				MTL_FAST_MATH = YES;
				SDKROOT = iphoneos;
				SWIFT_COMPILATION_MODE = wholemodule;
				SWIFT_OPTIMIZATION_LEVEL = "-O";
				VALIDATE_PRODUCT = YES;
			};
			name = Release;
		};
		6489AFC3222DD5EE00EA870B /* Debug */ = {
			isa = XCBuildConfiguration;
			buildSettings = {
				ASSETCATALOG_COMPILER_APPICON_NAME = AppIcon;
				CODE_SIGN_STYLE = Automatic;
				DEVELOPMENT_TEAM = U5KSDYQBF9;
				INFOPLIST_FILE = RealmTest/Info.plist;
				LD_RUNPATH_SEARCH_PATHS = (
					"$(inherited)",
					"@executable_path/Frameworks",
				);
				PRODUCT_BUNDLE_IDENTIFIER = com.andrewhwang.RealmTest;
				PRODUCT_NAME = "$(TARGET_NAME)";
				SWIFT_VERSION = 4.2;
				TARGETED_DEVICE_FAMILY = "1,2";
			};
			name = Debug;
		};
		6489AFC4222DD5EE00EA870B /* Release */ = {
			isa = XCBuildConfiguration;
			buildSettings = {
				ASSETCATALOG_COMPILER_APPICON_NAME = AppIcon;
				CODE_SIGN_STYLE = Automatic;
				DEVELOPMENT_TEAM = U5KSDYQBF9;
				INFOPLIST_FILE = RealmTest/Info.plist;
				LD_RUNPATH_SEARCH_PATHS = (
					"$(inherited)",
					"@executable_path/Frameworks",
				);
				PRODUCT_BUNDLE_IDENTIFIER = com.andrewhwang.RealmTest;
				PRODUCT_NAME = "$(TARGET_NAME)";
				SWIFT_VERSION = 4.2;
				TARGETED_DEVICE_FAMILY = "1,2";
			};
			name = Release;
		};
/* End XCBuildConfiguration section */

/* Begin XCConfigurationList section */
		6489AFAB222DD5EC00EA870B /* Build configuration list for PBXProject "RealmTest" */ = {
			isa = XCConfigurationList;
			buildConfigurations = (
				6489AFC0222DD5EE00EA870B /* Debug */,
				6489AFC1222DD5EE00EA870B /* Release */,
			);
			defaultConfigurationIsVisible = 0;
			defaultConfigurationName = Release;
		};
		6489AFC2222DD5EE00EA870B /* Build configuration list for PBXNativeTarget "RealmTest" */ = {
			isa = XCConfigurationList;
			buildConfigurations = (
				6489AFC3222DD5EE00EA870B /* Debug */,
				6489AFC4222DD5EE00EA870B /* Release */,
			);
			defaultConfigurationIsVisible = 0;
			defaultConfigurationName = Release;
		};
/* End XCConfigurationList section */
	};
	rootObject = 6489AFA8222DD5EC00EA870B /* Project object */;
}
